
Microsoft Visual Studio Solution File, Format Version 12.00
# Visual Studio Version 16
VisualStudioVersion = 16.0.30907.101
MinimumVisualStudioVersion = 10.0.40219.1
Project("{FAE04EC0-301F-11D3-BF4B-00C04F79EFBC}") = "PcBarcodeReaderSenderSimulator", "TcpAction\PcBarcodeReaderSenderSimulator.csproj", "{1066F1BC-DD1E-4700-AB94-46DF6D107EB9}"
EndProject
Project("{FAE04EC0-301F-11D3-BF4B-00C04F79EFBC}") = "PcBarcodeReaderHOST", "tcpReceive\PcBarcodeReaderHOST.csproj", "{39505A14-3A15-441B-8294-941F84779940}"
EndProject
Global
	GlobalSection(SolutionConfigurationPlatforms) = preSolution
		Debug|Any CPU = Debug|Any CPU
		Release|Any CPU = Release|Any CPU
	EndGlobalSection
	GlobalSection(ProjectConfigurationPlatforms) = postSolution
		{1066F1BC-DD1E-4700-AB94-46DF6D107EB9}.Debug|Any CPU.ActiveCfg = Debug|Any CPU
		{1066F1BC-DD1E-4700-AB94-46DF6D107EB9}.Debug|Any CPU.Build.0 = Debug|Any CPU
		{1066F1BC-DD1E-4700-AB94-46DF6D107EB9}.Release|Any CPU.ActiveCfg = Release|Any CPU
		{1066F1BC-DD1E-4700-AB94-46DF6D107EB9}.Release|Any CPU.Build.0 = Release|Any CPU
		{39505A14-3A15-441B-8294-941F84779940}.Debug|Any CPU.ActiveCfg = Debug|Any CPU
		{39505A14-3A15-441B-8294-941F84779940}.Debug|Any CPU.Build.0 = Debug|Any CPU
		{39505A14-3A15-441B-8294-941F84779940}.Release|Any CPU.ActiveCfg = Release|Any CPU
		{39505A14-3A15-441B-8294-941F84779940}.Release|Any CPU.Build.0 = Release|Any CPU
	EndGlobalSection
	GlobalSection(SolutionProperties) = preSolution
		HideSolutionNode = FALSE
	EndGlobalSection
	GlobalSection(ExtensibilityGlobals) = postSolution
		SolutionGuid = {172947EC-71F5-4A77-9D4A-874F0EC8B0AA}
	EndGlobalSection
EndGlobal
